
Microsoft Visual Studio Solution File, Format Version 12.00
# Visual Studio Version 17
VisualStudioVersion = 17.10.35122.118
MinimumVisualStudioVersion = 10.0.40219.1
Project("{9A19103F-16F7-4668-BE54-9A1E7A4F7556}") = "PasswordManager", "PasswordManager\PasswordManager.csproj", "{5EB62F10-B613-406C-B326-F3AB086F7161}"
EndProject
Project("{FAE04EC0-301F-11D3-BF4B-00C04F79EFBC}") = "PasswordManagerTests", "PasswordManagerTests\PasswordManagerTests.csproj", "{C0A3A9DA-6C21-4B66-86FA-B5A0422FC5B2}"
EndProject
Global
	GlobalSection(SolutionConfigurationPlatforms) = preSolution
		Debug|Any CPU = Debug|Any CPU
		Release|Any CPU = Release|Any CPU
	EndGlobalSection
	GlobalSection(ProjectConfigurationPlatforms) = postSolution
		{5EB62F10-B613-406C-B326-F3AB086F7161}.Debug|Any CPU.ActiveCfg = Debug|Any CPU
		{5EB62F10-B613-406C-B326-F3AB086F7161}.Debug|Any CPU.Build.0 = Debug|Any CPU
		{5EB62F10-B613-406C-B326-F3AB086F7161}.Release|Any CPU.ActiveCfg = Release|Any CPU
		{5EB62F10-B613-406C-B326-F3AB086F7161}.Release|Any CPU.Build.0 = Release|Any CPU
		{C0A3A9DA-6C21-4B66-86FA-B5A0422FC5B2}.Debug|Any CPU.ActiveCfg = Debug|Any CPU
		{C0A3A9DA-6C21-4B66-86FA-B5A0422FC5B2}.Debug|Any CPU.Build.0 = Debug|Any CPU
		{C0A3A9DA-6C21-4B66-86FA-B5A0422FC5B2}.Release|Any CPU.ActiveCfg = Release|Any CPU
		{C0A3A9DA-6C21-4B66-86FA-B5A0422FC5B2}.Release|Any CPU.Build.0 = Release|Any CPU
	EndGlobalSection
	GlobalSection(SolutionProperties) = preSolution
		HideSolutionNode = FALSE
	EndGlobalSection
	GlobalSection(ExtensibilityGlobals) = postSolution
		SolutionGuid = {D17C9E08-D2FF-403C-856D-DE289F6DA5B1}
	EndGlobalSection
EndGlobal
